
Microsoft Visual Studio Solution File, Format Version 12.00
# Visual Studio 15
VisualStudioVersion = 15.0.28307.168
MinimumVisualStudioVersion = 10.0.40219.1
Project("{FAE04EC0-301F-11D3-BF4B-00C04F79EFBC}") = "FileInformation", "FileInformation\FileInformation.csproj", "{C2EBD4D6-B143-40D1-8BAF-0C76A7C1179C}"
EndProject
Global
	GlobalSection(SolutionConfigurationPlatforms) = preSolution
		Debug|Any CPU = Debug|Any CPU
		Release|Any CPU = Release|Any CPU
	EndGlobalSection
	GlobalSection(ProjectConfigurationPlatforms) = postSolution
		{C2EBD4D6-B143-40D1-8BAF-0C76A7C1179C}.Debug|Any CPU.ActiveCfg = Debug|Any CPU
		{C2EBD4D6-B143-40D1-8BAF-0C76A7C1179C}.Debug|Any CPU.Build.0 = Debug|Any CPU
		{C2EBD4D6-B143-40D1-8BAF-0C76A7C1179C}.Release|Any CPU.ActiveCfg = Release|Any CPU
		{C2EBD4D6-B143-40D1-8BAF-0C76A7C1179C}.Release|Any CPU.Build.0 = Release|Any CPU
	EndGlobalSection
	GlobalSection(SolutionProperties) = preSolution
		HideSolutionNode = FALSE
	EndGlobalSection
	GlobalSection(ExtensibilityGlobals) = postSolution
		SolutionGuid = {7D60A4E3-F1B6-485A-8477-B6E4DC7D19AB}
	EndGlobalSection
EndGlobal
